
Microsoft Visual Studio Solution File, Format Version 12.00
# Visual Studio Version 17
VisualStudioVersion = 17.12.35514.174 d17.12
MinimumVisualStudioVersion = 10.0.40219.1
Project("{FAE04EC0-301F-11D3-BF4B-00C04F79EFBC}") = "CoreReactApp.Server", "CoreReactApp.Server\CoreReactApp.Server.csproj", "{9E23E9FC-24D1-434F-98BD-AFFFEB07DAC7}"
EndProject
Project("{54A90642-561A-4BB1-A94E-469ADEE60C69}") = "corereactapp.client", "corereactapp.client\corereactapp.client.esproj", "{7B5FB90B-3B6B-4EA4-8F46-B1724787679C}"
EndProject
Global
	GlobalSection(SolutionConfigurationPlatforms) = preSolution
		Debug|Any CPU = Debug|Any CPU
		Release|Any CPU = Release|Any CPU
	EndGlobalSection
	GlobalSection(ProjectConfigurationPlatforms) = postSolution
		{9E23E9FC-24D1-434F-98BD-AFFFEB07DAC7}.Debug|Any CPU.ActiveCfg = Debug|Any CPU
		{9E23E9FC-24D1-434F-98BD-AFFFEB07DAC7}.Debug|Any CPU.Build.0 = Debug|Any CPU
		{9E23E9FC-24D1-434F-98BD-AFFFEB07DAC7}.Release|Any CPU.ActiveCfg = Release|Any CPU
		{9E23E9FC-24D1-434F-98BD-AFFFEB07DAC7}.Release|Any CPU.Build.0 = Release|Any CPU
		{7B5FB90B-3B6B-4EA4-8F46-B1724787679C}.Debug|Any CPU.ActiveCfg = Debug|Any CPU
		{7B5FB90B-3B6B-4EA4-8F46-B1724787679C}.Debug|Any CPU.Build.0 = Debug|Any CPU
		{7B5FB90B-3B6B-4EA4-8F46-B1724787679C}.Debug|Any CPU.Deploy.0 = Debug|Any CPU
		{7B5FB90B-3B6B-4EA4-8F46-B1724787679C}.Release|Any CPU.ActiveCfg = Release|Any CPU
		{7B5FB90B-3B6B-4EA4-8F46-B1724787679C}.Release|Any CPU.Build.0 = Release|Any CPU
		{7B5FB90B-3B6B-4EA4-8F46-B1724787679C}.Release|Any CPU.Deploy.0 = Release|Any CPU
	EndGlobalSection
	GlobalSection(SolutionProperties) = preSolution
		HideSolutionNode = FALSE
	EndGlobalSection
EndGlobal
